{
  "name": "HKUPootal_miniapp",
  "lockfileVersion": 2,
  "requires": true,
  "packages": {
    "": {
      "dependencies": {
        "text-encoding-shim": "^1.0.5"
      }
    },
    "node_modules/text-encoding-shim": {
      "version": "1.0.5",
      "resolved": "https://registry.npmjs.org/text-encoding-shim/-/text-encoding-shim-1.0.5.tgz",
      "integrity": "sha512-H7yYW+jRn4yhu60ygZ2f/eMhXPITRt4QSUTKzLm+eCaDsdX8avmgWpmtmHAzesjBVUTAypz9odu5RKUjX5HNYA=="
    }
  },
  "dependencies": {
    "text-encoding-shim": {
      "version": "1.0.5",
      "resolved": "https://registry.npmjs.org/text-encoding-shim/-/text-encoding-shim-1.0.5.tgz",
      "integrity": "sha512-H7yYW+jRn4yhu60ygZ2f/eMhXPITRt4QSUTKzLm+eCaDsdX8avmgWpmtmHAzesjBVUTAypz9odu5RKUjX5HNYA=="
    }
  }
}
